
Microsoft Visual Studio Solution File, Format Version 12.00
# Visual Studio 14
VisualStudioVersion = 14.0.25420.1
MinimumVisualStudioVersion = 10.0.40219.1
Project("{8BC9CEB8-8B4A-11D0-8D11-00A0C91BC942}") = "msupcm++", "msupcm++\msupcm++.vcxproj", "{7A51C6A5-6FDC-4293-97A1-57A53E1BFE36}"
	ProjectSection(ProjectDependencies) = postProject
		{F17BE535-C7E8-4930-A6FD-32498D73A533} = {F17BE535-C7E8-4930-A6FD-32498D73A533}
	EndProjectSection
EndProject
Project("{8BC9CEB8-8B4A-11D0-8D11-00A0C91BC942}") = "LibSoX", "3rdparty\sox\msvc14\LibSoX.vcxproj", "{F17BE535-C7E8-4930-A6FD-32498D73A533}"
	ProjectSection(ProjectDependencies) = postProject
		{38203D05-AF71-4FF2-A183-A7D9CB8D2AE0} = {38203D05-AF71-4FF2-A183-A7D9CB8D2AE0}
		{B7A8AD9A-0D07-4453-B2DE-FEABD9546263} = {B7A8AD9A-0D07-4453-B2DE-FEABD9546263}
		{C5C229AC-316D-42CB-9CA3-329619618972} = {C5C229AC-316D-42CB-9CA3-329619618972}
		{524A24CD-0973-4733-8EB9-F419DC6F9997} = {524A24CD-0973-4733-8EB9-F419DC6F9997}
	EndProjectSection
EndProject
Project("{8BC9CEB8-8B4A-11D0-8D11-00A0C91BC942}") = "LibFlac", "3rdparty\sox\msvc14\LibFlac.vcxproj", "{38203D05-AF71-4FF2-A183-A7D9CB8D2AE0}"
EndProject
Project("{8BC9CEB8-8B4A-11D0-8D11-00A0C91BC942}") = "LibMad", "3rdparty\sox\msvc14\LibMad.vcxproj", "{B7A8AD9A-0D07-4453-B2DE-FEABD9546263}"
EndProject
Project("{8BC9CEB8-8B4A-11D0-8D11-00A0C91BC942}") = "LibOgg", "3rdparty\sox\msvc14\LibOgg.vcxproj", "{C5C229AC-316D-42CB-9CA3-329619618972}"
EndProject
Project("{8BC9CEB8-8B4A-11D0-8D11-00A0C91BC942}") = "LibVorbis", "3rdparty\sox\msvc14\LibVorbis.vcxproj", "{524A24CD-0973-4733-8EB9-F419DC6F9997}"
EndProject
Global
	GlobalSection(SolutionConfigurationPlatforms) = preSolution
		Debug|x64 = Debug|x64
		Debug|x86 = Debug|x86
		Release|x64 = Release|x64
		Release|x86 = Release|x86
	EndGlobalSection
	GlobalSection(ProjectConfigurationPlatforms) = postSolution
		{7A51C6A5-6FDC-4293-97A1-57A53E1BFE36}.Debug|x64.ActiveCfg = Debug|x64
		{7A51C6A5-6FDC-4293-97A1-57A53E1BFE36}.Debug|x64.Build.0 = Debug|x64
		{7A51C6A5-6FDC-4293-97A1-57A53E1BFE36}.Debug|x86.ActiveCfg = Debug|Win32
		{7A51C6A5-6FDC-4293-97A1-57A53E1BFE36}.Debug|x86.Build.0 = Debug|Win32
		{7A51C6A5-6FDC-4293-97A1-57A53E1BFE36}.Release|x64.ActiveCfg = Release|x64
		{7A51C6A5-6FDC-4293-97A1-57A53E1BFE36}.Release|x64.Build.0 = Release|x64
		{7A51C6A5-6FDC-4293-97A1-57A53E1BFE36}.Release|x86.ActiveCfg = Release|Win32
		{7A51C6A5-6FDC-4293-97A1-57A53E1BFE36}.Release|x86.Build.0 = Release|Win32
		{F17BE535-C7E8-4930-A6FD-32498D73A533}.Debug|x64.ActiveCfg = Debug|Win32
		{F17BE535-C7E8-4930-A6FD-32498D73A533}.Debug|x86.ActiveCfg = Debug|Win32
		{F17BE535-C7E8-4930-A6FD-32498D73A533}.Debug|x86.Build.0 = Debug|Win32
		{F17BE535-C7E8-4930-A6FD-32498D73A533}.Release|x64.ActiveCfg = Release|Win32
		{F17BE535-C7E8-4930-A6FD-32498D73A533}.Release|x86.ActiveCfg = Release|Win32
		{F17BE535-C7E8-4930-A6FD-32498D73A533}.Release|x86.Build.0 = Release|Win32
		{38203D05-AF71-4FF2-A183-A7D9CB8D2AE0}.Debug|x64.ActiveCfg = Debug|Win32
		{38203D05-AF71-4FF2-A183-A7D9CB8D2AE0}.Debug|x86.ActiveCfg = Debug|Win32
		{38203D05-AF71-4FF2-A183-A7D9CB8D2AE0}.Debug|x86.Build.0 = Debug|Win32
		{38203D05-AF71-4FF2-A183-A7D9CB8D2AE0}.Release|x64.ActiveCfg = Release|Win32
		{38203D05-AF71-4FF2-A183-A7D9CB8D2AE0}.Release|x86.ActiveCfg = Release|Win32
		{38203D05-AF71-4FF2-A183-A7D9CB8D2AE0}.Release|x86.Build.0 = Release|Win32
		{B7A8AD9A-0D07-4453-B2DE-FEABD9546263}.Debug|x64.ActiveCfg = Debug|Win32
		{B7A8AD9A-0D07-4453-B2DE-FEABD9546263}.Debug|x86.ActiveCfg = Debug|Win32
		{B7A8AD9A-0D07-4453-B2DE-FEABD9546263}.Debug|x86.Build.0 = Debug|Win32
		{B7A8AD9A-0D07-4453-B2DE-FEABD9546263}.Release|x64.ActiveCfg = Release|Win32
		{B7A8AD9A-0D07-4453-B2DE-FEABD9546263}.Release|x86.ActiveCfg = Release|Win32
		{B7A8AD9A-0D07-4453-B2DE-FEABD9546263}.Release|x86.Build.0 = Release|Win32
		{C5C229AC-316D-42CB-9CA3-329619618972}.Debug|x64.ActiveCfg = Debug|Win32
		{C5C229AC-316D-42CB-9CA3-329619618972}.Debug|x86.ActiveCfg = Debug|Win32
		{C5C229AC-316D-42CB-9CA3-329619618972}.Debug|x86.Build.0 = Debug|Win32
		{C5C229AC-316D-42CB-9CA3-329619618972}.Release|x64.ActiveCfg = Release|Win32
		{C5C229AC-316D-42CB-9CA3-329619618972}.Release|x86.ActiveCfg = Release|Win32
		{C5C229AC-316D-42CB-9CA3-329619618972}.Release|x86.Build.0 = Release|Win32
		{524A24CD-0973-4733-8EB9-F419DC6F9997}.Debug|x64.ActiveCfg = Debug|Win32
		{524A24CD-0973-4733-8EB9-F419DC6F9997}.Debug|x86.ActiveCfg = Debug|Win32
		{524A24CD-0973-4733-8EB9-F419DC6F9997}.Debug|x86.Build.0 = Debug|Win32
		{524A24CD-0973-4733-8EB9-F419DC6F9997}.Release|x64.ActiveCfg = Release|Win32
		{524A24CD-0973-4733-8EB9-F419DC6F9997}.Release|x86.ActiveCfg = Release|Win32
		{524A24CD-0973-4733-8EB9-F419DC6F9997}.Release|x86.Build.0 = Release|Win32
	EndGlobalSection
	GlobalSection(SolutionProperties) = preSolution
		HideSolutionNode = FALSE
	EndGlobalSection
EndGlobal
